
Microsoft Visual Studio Solution File, Format Version 12.00
# Visual Studio Version 16
VisualStudioVersion = 16.0.30907.101
MinimumVisualStudioVersion = 10.0.40219.1
Project("{FAE04EC0-301F-11D3-BF4B-00C04F79EFBC}") = "test_kooil", "test_kooil\test_kooil.csproj", "{45550D6C-5A1B-40A7-951B-390801530D31}"
EndProject
Global
	GlobalSection(SolutionConfigurationPlatforms) = preSolution
		Debug|Any CPU = Debug|Any CPU
		Release|Any CPU = Release|Any CPU
	EndGlobalSection
	GlobalSection(ProjectConfigurationPlatforms) = postSolution
		{45550D6C-5A1B-40A7-951B-390801530D31}.Debug|Any CPU.ActiveCfg = Debug|Any CPU
		{45550D6C-5A1B-40A7-951B-390801530D31}.Debug|Any CPU.Build.0 = Debug|Any CPU
		{45550D6C-5A1B-40A7-951B-390801530D31}.Release|Any CPU.ActiveCfg = Release|Any CPU
		{45550D6C-5A1B-40A7-951B-390801530D31}.Release|Any CPU.Build.0 = Release|Any CPU
	EndGlobalSection
	GlobalSection(SolutionProperties) = preSolution
		HideSolutionNode = FALSE
	EndGlobalSection
	GlobalSection(ExtensibilityGlobals) = postSolution
		SolutionGuid = {10D7BA80-5BF1-4CFE-8EC6-B17DCF7C3D0B}
	EndGlobalSection
EndGlobal
